// !$*UTF8*$!
{
	archiveVersion = 1;
	classes = {
	};
	objectVersion = 56;
	objects = {

/* Begin PBXBuildFile section */
		E339F2F12AA50547000DF805 /* AppDelegate.swift in Sources */ = {isa = PBXBuildFile; fileRef = E339F2F02AA50547000DF805 /* AppDelegate.swift */; };
		E339F2F32AA50547000DF805 /* SceneDelegate.swift in Sources */ = {isa = PBXBuildFile; fileRef = E339F2F22AA50547000DF805 /* SceneDelegate.swift */; };
		E339F2F52AA50547000DF805 /* ImageViewController.swift in Sources */ = {isa = PBXBuildFile; fileRef = E339F2F42AA50547000DF805 /* ImageViewController.swift */; };
		E339F2F82AA50547000DF805 /* Main.storyboard in Resources */ = {isa = PBXBuildFile; fileRef = E339F2F62AA50547000DF805 /* Main.storyboard */; };
		E339F2FA2AA50548000DF805 /* Assets.xcassets in Resources */ = {isa = PBXBuildFile; fileRef = E339F2F92AA50548000DF805 /* Assets.xcassets */; };
		E339F2FD2AA50548000DF805 /* LaunchScreen.storyboard in Resources */ = {isa = PBXBuildFile; fileRef = E339F2FB2AA50548000DF805 /* LaunchScreen.storyboard */; };
		E339F3092AA50739000DF805 /* MainViewController.swift in Sources */ = {isa = PBXBuildFile; fileRef = E339F3082AA50739000DF805 /* MainViewController.swift */; };
		E339F30B2AA599F6000DF805 /* UserActionCell.swift in Sources */ = {isa = PBXBuildFile; fileRef = E339F30A2AA599F6000DF805 /* UserActionCell.swift */; };
/* End PBXBuildFile section */

/* Begin PBXFileReference section */
		E339F2ED2AA50547000DF805 /* Lesson3.02.app */ = {isa = PBXFileReference; explicitFileType = wrapper.application; includeInIndex = 0; path = Lesson3.02.app; sourceTree = BUILT_PRODUCTS_DIR; };
		E339F2F02AA50547000DF805 /* AppDelegate.swift */ = {isa = PBXFileReference; lastKnownFileType = sourcecode.swift; path = AppDelegate.swift; sourceTree = "<group>"; };
		E339F2F22AA50547000DF805 /* SceneDelegate.swift */ = {isa = PBXFileReference; lastKnownFileType = sourcecode.swift; path = SceneDelegate.swift; sourceTree = "<group>"; };
		E339F2F42AA50547000DF805 /* ImageViewController.swift */ = {isa = PBXFileReference; lastKnownFileType = sourcecode.swift; path = ImageViewController.swift; sourceTree = "<group>"; };
		E339F2F72AA50547000DF805 /* Base */ = {isa = PBXFileReference; lastKnownFileType = file.storyboard; name = Base; path = Base.lproj/Main.storyboard; sourceTree = "<group>"; };
		E339F2F92AA50548000DF805 /* Assets.xcassets */ = {isa = PBXFileReference; lastKnownFileType = folder.assetcatalog; path = Assets.xcassets; sourceTree = "<group>"; };
		E339F2FC2AA50548000DF805 /* Base */ = {isa = PBXFileReference; lastKnownFileType = file.storyboard; name = Base; path = Base.lproj/LaunchScreen.storyboard; sourceTree = "<group>"; };
		E339F2FE2AA50548000DF805 /* Info.plist */ = {isa = PBXFileReference; lastKnownFileType = text.plist.xml; path = Info.plist; sourceTree = "<group>"; };
		E339F3082AA50739000DF805 /* MainViewController.swift */ = {isa = PBXFileReference; lastKnownFileType = sourcecode.swift; path = MainViewController.swift; sourceTree = "<group>"; };
		E339F30A2AA599F6000DF805 /* UserActionCell.swift */ = {isa = PBXFileReference; lastKnownFileType = sourcecode.swift; path = UserActionCell.swift; sourceTree = "<group>"; };
/* End PBXFileReference section */

/* Begin PBXFrameworksBuildPhase section */
		E339F2EA2AA50547000DF805 /* Frameworks */ = {
			isa = PBXFrameworksBuildPhase;
			buildActionMask = 2147483647;
			files = (
			);
			runOnlyForDeploymentPostprocessing = 0;
		};
/* End PBXFrameworksBuildPhase section */

/* Begin PBXGroup section */
		E339F2E42AA50547000DF805 = {
			isa = PBXGroup;
			children = (
				E339F2EF2AA50547000DF805 /* Lesson3.02 */,
				E339F2EE2AA50547000DF805 /* Products */,
			);
			sourceTree = "<group>";
		};
		E339F2EE2AA50547000DF805 /* Products */ = {
			isa = PBXGroup;
			children = (
				E339F2ED2AA50547000DF805 /* Lesson3.02.app */,
			);
			name = Products;
			sourceTree = "<group>";
		};
		E339F2EF2AA50547000DF805 /* Lesson3.02 */ = {
			isa = PBXGroup;
			children = (
				E339F3042AA50579000DF805 /* App */,
				E339F3052AA505C3000DF805 /* ViewControllers */,
				E339F3062AA505D2000DF805 /* Storyboards */,
				E339F3072AA505DA000DF805 /* Resources */,
			);
			path = Lesson3.02;
			sourceTree = "<group>";
		};
		E339F3042AA50579000DF805 /* App */ = {
			isa = PBXGroup;
			children = (
				E339F2F02AA50547000DF805 /* AppDelegate.swift */,
				E339F2F22AA50547000DF805 /* SceneDelegate.swift */,
				E339F2FE2AA50548000DF805 /* Info.plist */,
			);
			path = App;
			sourceTree = "<group>";
		};
		E339F3052AA505C3000DF805 /* ViewControllers */ = {
			isa = PBXGroup;
			children = (
				E339F2F42AA50547000DF805 /* ImageViewController.swift */,
				E339F3082AA50739000DF805 /* MainViewController.swift */,
				E339F30A2AA599F6000DF805 /* UserActionCell.swift */,
			);
			path = ViewControllers;
			sourceTree = "<group>";
		};
		E339F3062AA505D2000DF805 /* Storyboards */ = {
			isa = PBXGroup;
			children = (
				E339F2F62AA50547000DF805 /* Main.storyboard */,
				E339F2FB2AA50548000DF805 /* LaunchScreen.storyboard */,
			);
			path = Storyboards;
			sourceTree = "<group>";
		};
		E339F3072AA505DA000DF805 /* Resources */ = {
			isa = PBXGroup;
			children = (
				E339F2F92AA50548000DF805 /* Assets.xcassets */,
			);
			path = Resources;
			sourceTree = "<group>";
		};
/* End PBXGroup section */

/* Begin PBXNativeTarget section */
		E339F2EC2AA50547000DF805 /* Lesson3.02 */ = {
			isa = PBXNativeTarget;
			buildConfigurationList = E339F3012AA50548000DF805 /* Build configuration list for PBXNativeTarget "Lesson3.02" */;
			buildPhases = (
				E339F2E92AA50547000DF805 /* Sources */,
				E339F2EA2AA50547000DF805 /* Frameworks */,
				E339F2EB2AA50547000DF805 /* Resources */,
			);
			buildRules = (
			);
			dependencies = (
			);
			name = Lesson3.02;
			productName = Lesson3.02;
			productReference = E339F2ED2AA50547000DF805 /* Lesson3.02.app */;
			productType = "com.apple.product-type.application";
		};
/* End PBXNativeTarget section */

/* Begin PBXProject section */
		E339F2E52AA50547000DF805 /* Project object */ = {
			isa = PBXProject;
			attributes = {
				BuildIndependentTargetsInParallel = 1;
				LastSwiftUpdateCheck = 1430;
				LastUpgradeCheck = 1430;
				TargetAttributes = {
					E339F2EC2AA50547000DF805 = {
						CreatedOnToolsVersion = 14.3.1;
					};
				};
			};
			buildConfigurationList = E339F2E82AA50547000DF805 /* Build configuration list for PBXProject "Lesson3.02" */;
			compatibilityVersion = "Xcode 14.0";
			developmentRegion = en;
			hasScannedForEncodings = 0;
			knownRegions = (
				en,
				Base,
			);
			mainGroup = E339F2E42AA50547000DF805;
			productRefGroup = E339F2EE2AA50547000DF805 /* Products */;
			projectDirPath = "";
			projectRoot = "";
			targets = (
				E339F2EC2AA50547000DF805 /* Lesson3.02 */,
			);
		};
/* End PBXProject section */

/* Begin PBXResourcesBuildPhase section */
		E339F2EB2AA50547000DF805 /* Resources */ = {
			isa = PBXResourcesBuildPhase;
			buildActionMask = 2147483647;
			files = (
				E339F2FD2AA50548000DF805 /* LaunchScreen.storyboard in Resources */,
				E339F2FA2AA50548000DF805 /* Assets.xcassets in Resources */,
				E339F2F82AA50547000DF805 /* Main.storyboard in Resources */,
			);
			runOnlyForDeploymentPostprocessing = 0;
		};
/* End PBXResourcesBuildPhase section */

/* Begin PBXSourcesBuildPhase section */
		E339F2E92AA50547000DF805 /* Sources */ = {
			isa = PBXSourcesBuildPhase;
			buildActionMask = 2147483647;
			files = (
				E339F30B2AA599F6000DF805 /* UserActionCell.swift in Sources */,
				E339F3092AA50739000DF805 /* MainViewController.swift in Sources */,
				E339F2F52AA50547000DF805 /* ImageViewController.swift in Sources */,
				E339F2F12AA50547000DF805 /* AppDelegate.swift in Sources */,
				E339F2F32AA50547000DF805 /* SceneDelegate.swift in Sources */,
			);
			runOnlyForDeploymentPostprocessing = 0;
		};
/* End PBXSourcesBuildPhase section */

/* Begin PBXVariantGroup section */
		E339F2F62AA50547000DF805 /* Main.storyboard */ = {
			isa = PBXVariantGroup;
			children = (
				E339F2F72AA50547000DF805 /* Base */,
			);
			name = Main.storyboard;
			sourceTree = "<group>";
		};
		E339F2FB2AA50548000DF805 /* LaunchScreen.storyboard */ = {
			isa = PBXVariantGroup;
			children = (
				E339F2FC2AA50548000DF805 /* Base */,
			);
			name = LaunchScreen.storyboard;
			sourceTree = "<group>";
		};
/* End PBXVariantGroup section */

/* Begin XCBuildConfiguration section */
		E339F2FF2AA50548000DF805 /* Debug */ = {
			isa = XCBuildConfiguration;
			buildSettings = {
				ALWAYS_SEARCH_USER_PATHS = NO;
				CLANG_ANALYZER_NONNULL = YES;
				CLANG_ANALYZER_NUMBER_OBJECT_CONVERSION = YES_AGGRESSIVE;
				CLANG_CXX_LANGUAGE_STANDARD = "gnu++20";
				CLANG_ENABLE_MODULES = YES;
				CLANG_ENABLE_OBJC_ARC = YES;
				CLANG_ENABLE_OBJC_WEAK = YES;
				CLANG_WARN_BLOCK_CAPTURE_AUTORELEASING = YES;
				CLANG_WARN_BOOL_CONVERSION = YES;
				CLANG_WARN_COMMA = YES;
				CLANG_WARN_CONSTANT_CONVERSION = YES;
				CLANG_WARN_DEPRECATED_OBJC_IMPLEMENTATIONS = YES;
				CLANG_WARN_DIRECT_OBJC_ISA_USAGE = YES_ERROR;
				CLANG_WARN_DOCUMENTATION_COMMENTS = YES;
				CLANG_WARN_EMPTY_BODY = YES;
				CLANG_WARN_ENUM_CONVERSION = YES;
				CLANG_WARN_INFINITE_RECURSION = YES;
				CLANG_WARN_INT_CONVERSION = YES;
				CLANG_WARN_NON_LITERAL_NULL_CONVERSION = YES;
				CLANG_WARN_OBJC_IMPLICIT_RETAIN_SELF = YES;
				CLANG_WARN_OBJC_LITERAL_CONVERSION = YES;
				CLANG_WARN_OBJC_ROOT_CLASS = YES_ERROR;
				CLANG_WARN_QUOTED_INCLUDE_IN_FRAMEWORK_HEADER = YES;
				CLANG_WARN_RANGE_LOOP_ANALYSIS = YES;
				CLANG_WARN_STRICT_PROTOTYPES = YES;
				CLANG_WARN_SUSPICIOUS_MOVE = YES;
				CLANG_WARN_UNGUARDED_AVAILABILITY = YES_AGGRESSIVE;
				CLANG_WARN_UNREACHABLE_CODE = YES;
				CLANG_WARN__DUPLICATE_METHOD_MATCH = YES;
				COPY_PHASE_STRIP = NO;
				DEBUG_INFORMATION_FORMAT = dwarf;
				ENABLE_STRICT_OBJC_MSGSEND = YES;
				ENABLE_TESTABILITY = YES;
				GCC_C_LANGUAGE_STANDARD = gnu11;
				GCC_DYNAMIC_NO_PIC = NO;
				GCC_NO_COMMON_BLOCKS = YES;
				GCC_OPTIMIZATION_LEVEL = 0;
				GCC_PREPROCESSOR_DEFINITIONS = (
					"DEBUG=1",
					"$(inherited)",
				);
				GCC_WARN_64_TO_32_BIT_CONVERSION = YES;
				GCC_WARN_ABOUT_RETURN_TYPE = YES_ERROR;
				GCC_WARN_UNDECLARED_SELECTOR = YES;
				GCC_WARN_UNINITIALIZED_AUTOS = YES_AGGRESSIVE;
				GCC_WARN_UNUSED_FUNCTION = YES;
				GCC_WARN_UNUSED_VARIABLE = YES;
				IPHONEOS_DEPLOYMENT_TARGET = 16.4;
				MTL_ENABLE_DEBUG_INFO = INCLUDE_SOURCE;
				MTL_FAST_MATH = YES;
				ONLY_ACTIVE_ARCH = YES;
				SDKROOT = iphoneos;
				SWIFT_ACTIVE_COMPILATION_CONDITIONS = DEBUG;
				SWIFT_OPTIMIZATION_LEVEL = "-Onone";
			};
			name = Debug;
		};
		E339F3002AA50548000DF805 /* Release */ = {
			isa = XCBuildConfiguration;
			buildSettings = {
				ALWAYS_SEARCH_USER_PATHS = NO;
				CLANG_ANALYZER_NONNULL = YES;
				CLANG_ANALYZER_NUMBER_OBJECT_CONVERSION = YES_AGGRESSIVE;
				CLANG_CXX_LANGUAGE_STANDARD = "gnu++20";
				CLANG_ENABLE_MODULES = YES;
				CLANG_ENABLE_OBJC_ARC = YES;
				CLANG_ENABLE_OBJC_WEAK = YES;
				CLANG_WARN_BLOCK_CAPTURE_AUTORELEASING = YES;
				CLANG_WARN_BOOL_CONVERSION = YES;
				CLANG_WARN_COMMA = YES;
				CLANG_WARN_CONSTANT_CONVERSION = YES;
				CLANG_WARN_DEPRECATED_OBJC_IMPLEMENTATIONS = YES;
				CLANG_WARN_DIRECT_OBJC_ISA_USAGE = YES_ERROR;
				CLANG_WARN_DOCUMENTATION_COMMENTS = YES;
				CLANG_WARN_EMPTY_BODY = YES;
				CLANG_WARN_ENUM_CONVERSION = YES;
				CLANG_WARN_INFINITE_RECURSION = YES;
				CLANG_WARN_INT_CONVERSION = YES;
				CLANG_WARN_NON_LITERAL_NULL_CONVERSION = YES;
				CLANG_WARN_OBJC_IMPLICIT_RETAIN_SELF = YES;
				CLANG_WARN_OBJC_LITERAL_CONVERSION = YES;
				CLANG_WARN_OBJC_ROOT_CLASS = YES_ERROR;
				CLANG_WARN_QUOTED_INCLUDE_IN_FRAMEWORK_HEADER = YES;
				CLANG_WARN_RANGE_LOOP_ANALYSIS = YES;
				CLANG_WARN_STRICT_PROTOTYPES = YES;
				CLANG_WARN_SUSPICIOUS_MOVE = YES;
				CLANG_WARN_UNGUARDED_AVAILABILITY = YES_AGGRESSIVE;
				CLANG_WARN_UNREACHABLE_CODE = YES;
				CLANG_WARN__DUPLICATE_METHOD_MATCH = YES;
				COPY_PHASE_STRIP = NO;
				DEBUG_INFORMATION_FORMAT = "dwarf-with-dsym";
				ENABLE_NS_ASSERTIONS = NO;
				ENABLE_STRICT_OBJC_MSGSEND = YES;
				GCC_C_LANGUAGE_STANDARD = gnu11;
				GCC_NO_COMMON_BLOCKS = YES;
				GCC_WARN_64_TO_32_BIT_CONVERSION = YES;
				GCC_WARN_ABOUT_RETURN_TYPE = YES_ERROR;
				GCC_WARN_UNDECLARED_SELECTOR = YES;
				GCC_WARN_UNINITIALIZED_AUTOS = YES_AGGRESSIVE;
				GCC_WARN_UNUSED_FUNCTION = YES;
				GCC_WARN_UNUSED_VARIABLE = YES;
				IPHONEOS_DEPLOYMENT_TARGET = 16.4;
				MTL_ENABLE_DEBUG_INFO = NO;
				MTL_FAST_MATH = YES;
				SDKROOT = iphoneos;
				SWIFT_COMPILATION_MODE = wholemodule;
				SWIFT_OPTIMIZATION_LEVEL = "-O";
				VALIDATE_PRODUCT = YES;
			};
			name = Release;
		};
		E339F3022AA50548000DF805 /* Debug */ = {
			isa = XCBuildConfiguration;
			buildSettings = {
				ASSETCATALOG_COMPILER_APPICON_NAME = AppIcon;
				ASSETCATALOG_COMPILER_GLOBAL_ACCENT_COLOR_NAME = AccentColor;
				CODE_SIGN_STYLE = Automatic;
				CURRENT_PROJECT_VERSION = 1;
				GENERATE_INFOPLIST_FILE = YES;
				INFOPLIST_FILE = Lesson3.02/App/Info.plist;
				INFOPLIST_KEY_UIApplicationSupportsIndirectInputEvents = YES;
				INFOPLIST_KEY_UILaunchStoryboardName = LaunchScreen;
				INFOPLIST_KEY_UIMainStoryboardFile = Main;
				INFOPLIST_KEY_UISupportedInterfaceOrientations = UIInterfaceOrientationPortrait;
				INFOPLIST_KEY_UISupportedInterfaceOrientations_iPad = "UIInterfaceOrientationLandscapeLeft UIInterfaceOrientationLandscapeRight UIInterfaceOrientationPortrait UIInterfaceOrientationPortraitUpsideDown";
				LD_RUNPATH_SEARCH_PATHS = (
					"$(inherited)",
					"@executable_path/Frameworks",
				);
				MARKETING_VERSION = 1.0;
				PRODUCT_BUNDLE_IDENTIFIER = "me.osipov.dobrynia.Lesson3-02";
				PRODUCT_NAME = "$(TARGET_NAME)";
				SUPPORTED_PLATFORMS = "iphoneos iphonesimulator";
				SUPPORTS_MACCATALYST = NO;
				SUPPORTS_MAC_DESIGNED_FOR_IPHONE_IPAD = NO;
				SWIFT_EMIT_LOC_STRINGS = YES;
				SWIFT_VERSION = 5.0;
				TARGETED_DEVICE_FAMILY = 1;
			};
			name = Debug;
		};
		E339F3032AA50548000DF805 /* Release */ = {
			isa = XCBuildConfiguration;
			buildSettings = {
				ASSETCATALOG_COMPILER_APPICON_NAME = AppIcon;
				ASSETCATALOG_COMPILER_GLOBAL_ACCENT_COLOR_NAME = AccentColor;
				CODE_SIGN_STYLE = Automatic;
				CURRENT_PROJECT_VERSION = 1;
				GENERATE_INFOPLIST_FILE = YES;
				INFOPLIST_FILE = Lesson3.02/App/Info.plist;
				INFOPLIST_KEY_UIApplicationSupportsIndirectInputEvents = YES;
				INFOPLIST_KEY_UILaunchStoryboardName = LaunchScreen;
				INFOPLIST_KEY_UIMainStoryboardFile = Main;
				INFOPLIST_KEY_UISupportedInterfaceOrientations = UIInterfaceOrientationPortrait;
				INFOPLIST_KEY_UISupportedInterfaceOrientations_iPad = "UIInterfaceOrientationLandscapeLeft UIInterfaceOrientationLandscapeRight UIInterfaceOrientationPortrait UIInterfaceOrientationPortraitUpsideDown";
				LD_RUNPATH_SEARCH_PATHS = (
					"$(inherited)",
					"@executable_path/Frameworks",
				);
				MARKETING_VERSION = 1.0;
				PRODUCT_BUNDLE_IDENTIFIER = "me.osipov.dobrynia.Lesson3-02";
				PRODUCT_NAME = "$(TARGET_NAME)";
				SUPPORTED_PLATFORMS = "iphoneos iphonesimulator";
				SUPPORTS_MACCATALYST = NO;
				SUPPORTS_MAC_DESIGNED_FOR_IPHONE_IPAD = NO;
				SWIFT_EMIT_LOC_STRINGS = YES;
				SWIFT_VERSION = 5.0;
				TARGETED_DEVICE_FAMILY = 1;
			};
			name = Release;
		};
/* End XCBuildConfiguration section */

/* Begin XCConfigurationList section */
		E339F2E82AA50547000DF805 /* Build configuration list for PBXProject "Lesson3.02" */ = {
			isa = XCConfigurationList;
			buildConfigurations = (
				E339F2FF2AA50548000DF805 /* Debug */,
				E339F3002AA50548000DF805 /* Release */,
			);
			defaultConfigurationIsVisible = 0;
			defaultConfigurationName = Release;
		};
		E339F3012AA50548000DF805 /* Build configuration list for PBXNativeTarget "Lesson3.02" */ = {
			isa = XCConfigurationList;
			buildConfigurations = (
				E339F3022AA50548000DF805 /* Debug */,
				E339F3032AA50548000DF805 /* Release */,
			);
			defaultConfigurationIsVisible = 0;
			defaultConfigurationName = Release;
		};
/* End XCConfigurationList section */
	};
	rootObject = E339F2E52AA50547000DF805 /* Project object */;
}
